
Microsoft Visual Studio Solution File, Format Version 12.00
Project("{FAE04EC0-301F-11D3-BF4B-00C04F79EFBC}") = "WhereInTvp.Console", "WhereInTvp.Console\WhereInTvp.Console.csproj", "{C062A11A-D625-4FE9-B9C3-BE4F34EFCB19}"
EndProject
Global
	GlobalSection(SolutionConfigurationPlatforms) = preSolution
		Debug|Any CPU = Debug|Any CPU
		Release|Any CPU = Release|Any CPU
	EndGlobalSection
	GlobalSection(ProjectConfigurationPlatforms) = postSolution
		{C062A11A-D625-4FE9-B9C3-BE4F34EFCB19}.Debug|Any CPU.ActiveCfg = Debug|Any CPU
		{C062A11A-D625-4FE9-B9C3-BE4F34EFCB19}.Debug|Any CPU.Build.0 = Debug|Any CPU
		{C062A11A-D625-4FE9-B9C3-BE4F34EFCB19}.Release|Any CPU.ActiveCfg = Release|Any CPU
		{C062A11A-D625-4FE9-B9C3-BE4F34EFCB19}.Release|Any CPU.Build.0 = Release|Any CPU
	EndGlobalSection
EndGlobal
